{
  "requires": true,
  "lockfileVersion": 1,
  "dependencies": {
    "@next/font": {
      "version": "13.4.4",
      "resolved": "https://registry.npmjs.org/@next/font/-/font-13.4.4.tgz",
      "integrity": "sha512-iYmL/O0rV9NS8a2UXuRoZOzImz8Q0mM8bAmxtj8nccrpwZ6iOOZlbf2d0Genczl4wtuXRXVPR8goGjJM4C2SDg=="
    },
    "react-icons": {
      "version": "4.9.0",
      "resolved": "https://registry.npmjs.org/react-icons/-/react-icons-4.9.0.tgz",
      "integrity": "sha512-ijUnFr//ycebOqujtqtV9PFS7JjhWg0QU6ykURVHuL4cbofvRCf3f6GMn9+fBktEFQOIVZnuAYLZdiyadRQRFg=="
    }
  }
}
